{
  "name": "js-racer-1",
  "version": "1.0.0",
  "lockfileVersion": 1,
  "requires": true,
  "dependencies": {
    "easytimer.js": {
      "version": "2.2.0",
      "resolved": "https://registry.npmjs.org/easytimer.js/-/easytimer.js-2.2.0.tgz",
      "integrity": "sha512-4oojRGtzoKObHj9DVWntbzwF/DsF2M0vg2d4OpQepjGOleCwRYIOot2OmMq0i6X8DEyZB9K05UL4YEf3yqn0Ew=="
    }
  }
}
